schema: '2.0'
stages:
  load_data:
    cmd: python src/load_and_process.py --config=params.yaml
    deps:
    - path: data_given/iris.data
      md5: 485389a3c002edec26f3e4dcd31435e8
      size: 4523
    - path: src/get_data.py
      md5: 8bd867d8e0aa8c88e9c7ad761ca758c4
      size: 628
    - path: src/load_and_process.py
      md5: 121b712705238a80c4a3a7b69b0546c3
      size: 1093
    outs:
    - path: data/raw/iris.data
      md5: 296f7e73d5c12cc228eaa4444075b5ad
      size: 4735
  split_data:
    cmd: python src/split_data.py --config=params.yaml
    deps:
    - path: data/raw/iris.data
      md5: 296f7e73d5c12cc228eaa4444075b5ad
      size: 4735
    - path: params.yaml
      md5: a9e62dd42dbe3ffa758ebe8ef1989b94
      size: 854
    - path: src/get_data.py
      md5: 8bd867d8e0aa8c88e9c7ad761ca758c4
      size: 628
    - path: src/split_data.py
      md5: fdbcbc1cb2d72d85599e9f8aa483fdbc
      size: 1001
    outs:
    - path: data/processed/test.data
      md5: a98a7515a08e2cb6e6cf9f18af50e685
      size: 1934
    - path: data/processed/train.data
      md5: e19c5742324254299f6964069b493cde
      size: 2865
  train_data:
    cmd: python src/train.py --config=params.yaml
    deps:
    - path: data/processed/test.data
      md5: a98a7515a08e2cb6e6cf9f18af50e685
      size: 1934
    - path: data/processed/train.data
      md5: e19c5742324254299f6964069b493cde
      size: 2865
    - path: params.yaml
      md5: a9e62dd42dbe3ffa758ebe8ef1989b94
      size: 854
    - path: src/train.py
      md5: 246347f22b146f80d15167e9ca520e77
      size: 2491
  log_production_model:
    cmd: python src/log_production_model.py --config=params.yaml
    deps:
    - path: src/log_production_model.py
      md5: bd17d014788805a859ed6270822560ed
      size: 1897
    - path: src/train.py
      md5: 246347f22b146f80d15167e9ca520e77
      size: 2491
    outs:
    - path: saved_models/model.joblib
      md5: c94d2a903bd3e330ec4c359e4c68a447
      size: 5519
