schema: '2.0'
stages:
  load_data:
    cmd: python src/load_and_process.py --config=params.yaml
    deps:
    - path: data_given/iris.data
      md5: 060702662f828b5dc701eba3c45c4dda
      size: 4411
    - path: src/get_data.py
      md5: 8bd867d8e0aa8c88e9c7ad761ca758c4
      size: 628
    - path: src/load_and_process.py
      md5: 121b712705238a80c4a3a7b69b0546c3
      size: 1093
    outs:
    - path: data/raw/iris.data
      md5: ba97ea6dfd146572f978b9fc337981ff
      size: 4619
  split_data:
    cmd: python src/split_data.py --config=params.yaml
    deps:
    - path: data/raw/iris.data
      md5: ba97ea6dfd146572f978b9fc337981ff
      size: 4619
    - path: params.yaml
      md5: a9e62dd42dbe3ffa758ebe8ef1989b94
      size: 854
    - path: src/get_data.py
      md5: 8bd867d8e0aa8c88e9c7ad761ca758c4
      size: 628
    - path: src/split_data.py
      md5: fdbcbc1cb2d72d85599e9f8aa483fdbc
      size: 1001
    outs:
    - path: data/processed/test.data
      md5: b25a4f1419d97f9cab3789c60ad54c31
      size: 1871
    - path: data/processed/train.data
      md5: 41f2b7a63bf3ba81240226653da02fec
      size: 2812
  train_data:
    cmd: python src/train.py --config=params.yaml
    deps:
    - path: data/processed/test.data
      md5: b25a4f1419d97f9cab3789c60ad54c31
      size: 1871
    - path: data/processed/train.data
      md5: 41f2b7a63bf3ba81240226653da02fec
      size: 2812
    - path: params.yaml
      md5: a9e62dd42dbe3ffa758ebe8ef1989b94
      size: 854
    - path: src/train.py
      md5: 246347f22b146f80d15167e9ca520e77
      size: 2491
  log_production_model:
    cmd: python src/log_production_model.py --config=params.yaml
    deps:
    - path: src/log_production_model.py
      md5: bd17d014788805a859ed6270822560ed
      size: 1897
    - path: src/train.py
      md5: 246347f22b146f80d15167e9ca520e77
      size: 2491
    outs:
    - path: saved_models/model.joblib
      md5: c94d2a903bd3e330ec4c359e4c68a447
      size: 5519
