schema: '2.0'
stages:
  load_data:
    cmd: python src/load_and_process.py --config=params.yaml
    deps:
    - path: data_given/iris.data
      md5: 42615765a885ddf54427f12c34a0a070
      size: 4551
    - path: params.yaml
      md5: cb01a80c808f6daee76ba2f724520d52
      size: 641
    - path: src/get_data.py
      md5: 8bd867d8e0aa8c88e9c7ad761ca758c4
      size: 628
    - path: src/load_and_process.py
      md5: e0f2b98429f31c6e9900192d3eb7cc5a
      size: 1087
    outs:
    - path: data/raw/iris.data
      md5: c899ef7c4dd555de3bde5cfb65341ebb
      size: 4764
  split_data:
    cmd: python src/split_data.py --config=params.yaml
    deps:
    - path: data/raw/iris.data
      md5: c899ef7c4dd555de3bde5cfb65341ebb
      size: 4764
    - path: params.yaml
      md5: cb01a80c808f6daee76ba2f724520d52
      size: 641
    - path: src/get_data.py
      md5: 8bd867d8e0aa8c88e9c7ad761ca758c4
      size: 628
    - path: src/split_data.py
      md5: a961083aed5799ebc3456dde33e19f38
      size: 962
    outs:
    - path: data/processed/test.data
      md5: 19378e6c62a7a37c741b3fa28df5c18f
      size: 1622
    - path: data/processed/train.data
      md5: 858b1054029047f33d264852a23791d5
      size: 3206
  train_data:
    cmd: python src/train.py --config=params.yaml
    deps:
    - path: data/processed/test.data
      md5: 19378e6c62a7a37c741b3fa28df5c18f
      size: 1622
    - path: data/processed/train.data
      md5: 858b1054029047f33d264852a23791d5
      size: 3206
    - path: params.yaml
      md5: cb01a80c808f6daee76ba2f724520d52
      size: 641
    - path: src/train.py
      md5: f70a7afab45f066a1f53a020959a42b3
      size: 2726
    outs:
    - path: saved_models/model.pkl
      md5: ff255a2db24e9327b35f275b5694bba7
      size: 3765
  log_production_model:
    cmd: python src/log_production_model.py --config=params.yaml
    deps:
    - path: src/log_production_model.py
      md5: 1fd351dc3fb51085848ad166780cfdc2
      size: 1825
    - path: src/train.py
      md5: f70a7afab45f066a1f53a020959a42b3
      size: 2726
